
Microsoft Visual Studio Solution File, Format Version 12.00
# Visual Studio 15
VisualStudioVersion = 15.0.27703.2018
MinimumVisualStudioVersion = 10.0.40219.1
Project("{FAE04EC0-301F-11D3-BF4B-00C04F79EFBC}") = "ExamenPrimero_EduardoCalix", "ExamenPrimero_EduardoCalix\ExamenPrimero_EduardoCalix.csproj", "{F825E6E4-5872-4173-A63C-687C9C651B21}"
EndProject
Global
	GlobalSection(SolutionConfigurationPlatforms) = preSolution
		Debug|Any CPU = Debug|Any CPU
		Release|Any CPU = Release|Any CPU
	EndGlobalSection
	GlobalSection(ProjectConfigurationPlatforms) = postSolution
		{F825E6E4-5872-4173-A63C-687C9C651B21}.Debug|Any CPU.ActiveCfg = Debug|Any CPU
		{F825E6E4-5872-4173-A63C-687C9C651B21}.Debug|Any CPU.Build.0 = Debug|Any CPU
		{F825E6E4-5872-4173-A63C-687C9C651B21}.Release|Any CPU.ActiveCfg = Release|Any CPU
		{F825E6E4-5872-4173-A63C-687C9C651B21}.Release|Any CPU.Build.0 = Release|Any CPU
	EndGlobalSection
	GlobalSection(SolutionProperties) = preSolution
		HideSolutionNode = FALSE
	EndGlobalSection
	GlobalSection(ExtensibilityGlobals) = postSolution
		SolutionGuid = {16C293E7-7C9F-40DF-899A-31D675458B2E}
	EndGlobalSection
EndGlobal
